// !$*UTF8*$!
{
	archiveVersion = 1;
	classes = {
	};
	objectVersion = 100;
	objects = {

/* Begin PBXBuildFile section */
		B00100000000000000000001 /* SeedBoxApp.swift in Sources */ = {isa = PBXBuildFile; fileRef = F00100000000000000000001 /* SeedBoxApp.swift */; };
		B00100000000000000000002 /* ModManagerView.swift in Sources */ = {isa = PBXBuildFile; fileRef = F00100000000000000000002 /* ModManagerView.swift */; };
		B00100000000000000000003 /* ModManagerViewModel.swift in Sources */ = {isa = PBXBuildFile; fileRef = F00100000000000000000003 /* ModManagerViewModel.swift */; };
		B00100000000000000000004 /* SettingsView.swift in Sources */ = {isa = PBXBuildFile; fileRef = F00100000000000000000004 /* SettingsView.swift */; };
		B00100000000000000000005 /* SecurityScopedFolderAccess.swift in Sources */ = {isa = PBXBuildFile; fileRef = F00100000000000000000005 /* SecurityScopedFolderAccess.swift */; };
		B00100000000000000000006 /* ModLibrary.swift in Sources */ = {isa = PBXBuildFile; fileRef = F00100000000000000000006 /* ModLibrary.swift */; };
		B00100000000000000000007 /* FileManager+Directories.swift in Sources */ = {isa = PBXBuildFile; fileRef = F00100000000000000000007 /* FileManager+Directories.swift */; };
		B00100000000000000000008 /* String+SeedBox.swift in Sources */ = {isa = PBXBuildFile; fileRef = F00100000000000000000008 /* String+SeedBox.swift */; };
		B00100000000000000000009 /* StardewInstall.swift in Sources */ = {isa = PBXBuildFile; fileRef = F00100000000000000000009 /* StardewInstall.swift */; };
		B0010000000000000000000A /* ModManifest.swift in Sources */ = {isa = PBXBuildFile; fileRef = F0010000000000000000000A /* ModManifest.swift */; };
		B0010000000000000000000B /* ModInfo.swift in Sources */ = {isa = PBXBuildFile; fileRef = F0010000000000000000000B /* ModInfo.swift */; };
		B0010000000000000000000C /* ModSearchQuery.swift in Sources */ = {isa = PBXBuildFile; fileRef = F0010000000000000000000C /* ModSearchQuery.swift */; };
		B0010000000000000000000D /* ModSet.swift in Sources */ = {isa = PBXBuildFile; fileRef = F0010000000000000000000D /* ModSet.swift */; };
		B0010000000000000000000E /* ModSetStore.swift in Sources */ = {isa = PBXBuildFile; fileRef = F0010000000000000000000E /* ModSetStore.swift */; };
		B0010000000000000000000F /* ModManagerState.swift in Sources */ = {isa = PBXBuildFile; fileRef = F0010000000000000000000F /* ModManagerState.swift */; };
		B00100000000000000000010 /* ModManagerService.swift in Sources */ = {isa = PBXBuildFile; fileRef = F00100000000000000000010 /* ModManagerService.swift */; };
		B00100000000000000000011 /* ModManagerPreferences.swift in Sources */ = {isa = PBXBuildFile; fileRef = F00100000000000000000011 /* ModManagerPreferences.swift */; };
		B00100000000000000000014 /* ModSetNameSheet.swift in Sources */ = {isa = PBXBuildFile; fileRef = F00100000000000000000014 /* ModSetNameSheet.swift */; };
		B00100000000000000000015 /* ModManagerToolbar.swift in Sources */ = {isa = PBXBuildFile; fileRef = F00100000000000000000015 /* ModManagerToolbar.swift */; };
		B00100000000000000000016 /* ModList.swift in Sources */ = {isa = PBXBuildFile; fileRef = F00100000000000000000016 /* ModList.swift */; };
		B00100000000000000000017 /* ModTableRow.swift in Sources */ = {isa = PBXBuildFile; fileRef = F00100000000000000000017 /* ModTableRow.swift */; };
		B00100000000000000000018 /* ModNameCell.swift in Sources */ = {isa = PBXBuildFile; fileRef = F00100000000000000000018 /* ModNameCell.swift */; };
		B00100000000000000000019 /* EmptyModList.swift in Sources */ = {isa = PBXBuildFile; fileRef = F00100000000000000000019 /* EmptyModList.swift */; };
		B0010000000000000000001A /* SetupEmptyState.swift in Sources */ = {isa = PBXBuildFile; fileRef = F0010000000000000000001A /* SetupEmptyState.swift */; };
		B0010000000000000000001B /* NativePathControl.swift in Sources */ = {isa = PBXBuildFile; fileRef = F0010000000000000000001B /* NativePathControl.swift */; };
		B00200000000000000000001 /* StardewInstallTests.swift in Sources */ = {isa = PBXBuildFile; fileRef = F00200000000000000000001 /* StardewInstallTests.swift */; };
		B00200000000000000000002 /* SeedBoxTestCase.swift in Sources */ = {isa = PBXBuildFile; fileRef = F00200000000000000000002 /* SeedBoxTestCase.swift */; };
		B00200000000000000000004 /* ModLibraryTests.swift in Sources */ = {isa = PBXBuildFile; fileRef = F00200000000000000000003 /* ModLibraryTests.swift */; };
		B00200000000000000000011 /* ModSetStoreTests.swift in Sources */ = {isa = PBXBuildFile; fileRef = F00200000000000000000004 /* ModSetStoreTests.swift */; };
		B00200000000000000000012 /* ModManagerViewModelTests.swift in Sources */ = {isa = PBXBuildFile; fileRef = F00200000000000000000005 /* ModManagerViewModelTests.swift */; };
		B00200000000000000000013 /* ModSearchQueryTests.swift in Sources */ = {isa = PBXBuildFile; fileRef = F00200000000000000000006 /* ModSearchQueryTests.swift */; };
/* End PBXBuildFile section */

/* Begin PBXContainerItemProxy section */
		D00200000000000000000001 /* PBXContainerItemProxy */ = {
			isa = PBXContainerItemProxy;
			containerPortal = PRJ000000000000000000001 /* Project object */;
			proxyType = 1;
			remoteGlobalIDString = T00100000000000000000001;
			remoteInfo = "Seed Box";
		};
/* End PBXContainerItemProxy section */

/* Begin PBXFileReference section */
		F00100000000000000000001 /* SeedBoxApp.swift */ = {isa = PBXFileReference; lastKnownFileType = sourcecode.swift; path = SeedBoxApp.swift; sourceTree = "<group>"; };
		F00100000000000000000002 /* ModManagerView.swift */ = {isa = PBXFileReference; lastKnownFileType = sourcecode.swift; path = ModManagerView.swift; sourceTree = "<group>"; };
		F00100000000000000000003 /* ModManagerViewModel.swift */ = {isa = PBXFileReference; lastKnownFileType = sourcecode.swift; path = ModManagerViewModel.swift; sourceTree = "<group>"; };
		F00100000000000000000004 /* SettingsView.swift */ = {isa = PBXFileReference; lastKnownFileType = sourcecode.swift; path = SettingsView.swift; sourceTree = "<group>"; };
		F00100000000000000000005 /* SecurityScopedFolderAccess.swift */ = {isa = PBXFileReference; lastKnownFileType = sourcecode.swift; path = SecurityScopedFolderAccess.swift; sourceTree = "<group>"; };
		F00100000000000000000006 /* ModLibrary.swift */ = {isa = PBXFileReference; lastKnownFileType = sourcecode.swift; path = ModLibrary.swift; sourceTree = "<group>"; };
		F00100000000000000000007 /* FileManager+Directories.swift */ = {isa = PBXFileReference; lastKnownFileType = sourcecode.swift; path = "FileManager+Directories.swift"; sourceTree = "<group>"; };
		F00100000000000000000008 /* String+SeedBox.swift */ = {isa = PBXFileReference; lastKnownFileType = sourcecode.swift; path = "String+SeedBox.swift"; sourceTree = "<group>"; };
		F00100000000000000000009 /* StardewInstall.swift */ = {isa = PBXFileReference; lastKnownFileType = sourcecode.swift; path = StardewInstall.swift; sourceTree = "<group>"; };
		F0010000000000000000000A /* ModManifest.swift */ = {isa = PBXFileReference; lastKnownFileType = sourcecode.swift; path = ModManifest.swift; sourceTree = "<group>"; };
		F0010000000000000000000B /* ModInfo.swift */ = {isa = PBXFileReference; lastKnownFileType = sourcecode.swift; path = ModInfo.swift; sourceTree = "<group>"; };
		F0010000000000000000000C /* ModSearchQuery.swift */ = {isa = PBXFileReference; lastKnownFileType = sourcecode.swift; path = ModSearchQuery.swift; sourceTree = "<group>"; };
		F0010000000000000000000D /* ModSet.swift */ = {isa = PBXFileReference; lastKnownFileType = sourcecode.swift; path = ModSet.swift; sourceTree = "<group>"; };
		F0010000000000000000000E /* ModSetStore.swift */ = {isa = PBXFileReference; lastKnownFileType = sourcecode.swift; path = ModSetStore.swift; sourceTree = "<group>"; };
		F0010000000000000000000F /* ModManagerState.swift */ = {isa = PBXFileReference; lastKnownFileType = sourcecode.swift; path = ModManagerState.swift; sourceTree = "<group>"; };
		F00100000000000000000010 /* ModManagerService.swift */ = {isa = PBXFileReference; lastKnownFileType = sourcecode.swift; path = ModManagerService.swift; sourceTree = "<group>"; };
		F00100000000000000000011 /* ModManagerPreferences.swift */ = {isa = PBXFileReference; lastKnownFileType = sourcecode.swift; path = ModManagerPreferences.swift; sourceTree = "<group>"; };
		F00100000000000000000012 /* Info.plist */ = {isa = PBXFileReference; lastKnownFileType = text.plist.xml; path = Info.plist; sourceTree = "<group>"; };
		F00100000000000000000013 /* Sandbox.entitlements */ = {isa = PBXFileReference; lastKnownFileType = text.plist.entitlements; path = Sandbox.entitlements; sourceTree = "<group>"; };
		F00100000000000000000014 /* ModSetNameSheet.swift */ = {isa = PBXFileReference; lastKnownFileType = sourcecode.swift; path = ModSetNameSheet.swift; sourceTree = "<group>"; };
		F00100000000000000000015 /* ModManagerToolbar.swift */ = {isa = PBXFileReference; lastKnownFileType = sourcecode.swift; path = ModManagerToolbar.swift; sourceTree = "<group>"; };
		F00100000000000000000016 /* ModList.swift */ = {isa = PBXFileReference; lastKnownFileType = sourcecode.swift; path = ModList.swift; sourceTree = "<group>"; };
		F00100000000000000000017 /* ModTableRow.swift */ = {isa = PBXFileReference; lastKnownFileType = sourcecode.swift; path = ModTableRow.swift; sourceTree = "<group>"; };
		F00100000000000000000018 /* ModNameCell.swift */ = {isa = PBXFileReference; lastKnownFileType = sourcecode.swift; path = ModNameCell.swift; sourceTree = "<group>"; };
		F00100000000000000000019 /* EmptyModList.swift */ = {isa = PBXFileReference; lastKnownFileType = sourcecode.swift; path = EmptyModList.swift; sourceTree = "<group>"; };
		F0010000000000000000001A /* SetupEmptyState.swift */ = {isa = PBXFileReference; lastKnownFileType = sourcecode.swift; path = SetupEmptyState.swift; sourceTree = "<group>"; };
		F0010000000000000000001B /* NativePathControl.swift */ = {isa = PBXFileReference; lastKnownFileType = sourcecode.swift; path = NativePathControl.swift; sourceTree = "<group>"; };
		F00200000000000000000001 /* StardewInstallTests.swift */ = {isa = PBXFileReference; lastKnownFileType = sourcecode.swift; path = StardewInstallTests.swift; sourceTree = "<group>"; };
		F00200000000000000000002 /* SeedBoxTestCase.swift */ = {isa = PBXFileReference; lastKnownFileType = sourcecode.swift; path = SeedBoxTestCase.swift; sourceTree = "<group>"; };
		F00200000000000000000003 /* ModLibraryTests.swift */ = {isa = PBXFileReference; lastKnownFileType = sourcecode.swift; path = ModLibraryTests.swift; sourceTree = "<group>"; };
		F00200000000000000000004 /* ModSetStoreTests.swift */ = {isa = PBXFileReference; lastKnownFileType = sourcecode.swift; path = ModSetStoreTests.swift; sourceTree = "<group>"; };
		F00200000000000000000005 /* ModManagerViewModelTests.swift */ = {isa = PBXFileReference; lastKnownFileType = sourcecode.swift; path = ModManagerViewModelTests.swift; sourceTree = "<group>"; };
		F00200000000000000000006 /* ModSearchQueryTests.swift */ = {isa = PBXFileReference; lastKnownFileType = sourcecode.swift; path = ModSearchQueryTests.swift; sourceTree = "<group>"; };
		F00300000000000000000001 /* Seed Box.app */ = {isa = PBXFileReference; explicitFileType = wrapper.application; includeInIndex = 0; path = "Seed Box.app"; sourceTree = BUILT_PRODUCTS_DIR; };
		F00300000000000000000002 /* SeedBoxTests.xctest */ = {isa = PBXFileReference; explicitFileType = wrapper.cfbundle; includeInIndex = 0; path = SeedBoxTests.xctest; sourceTree = BUILT_PRODUCTS_DIR; };
/* End PBXFileReference section */

/* Begin PBXFrameworksBuildPhase section */
		P00100000000000000000003 /* Frameworks */ = {
			isa = PBXFrameworksBuildPhase;
			files = (
			);
		};
		P00200000000000000000003 /* Frameworks */ = {
			isa = PBXFrameworksBuildPhase;
			files = (
			);
		};
/* End PBXFrameworksBuildPhase section */

/* Begin PBXGroup section */
		G00000000000000000000001 = {
			isa = PBXGroup;
			children = (
				G00100000000000000000001 /* SeedBox */,
				G00200000000000000000001 /* SeedBoxTests */,
				G00300000000000000000001 /* Products */,
			);
			sourceTree = "<group>";
		};
		G00100000000000000000001 /* SeedBox */ = {
			isa = PBXGroup;
			children = (
				F00100000000000000000001 /* SeedBoxApp.swift */,
				F00100000000000000000002 /* ModManagerView.swift */,
				F00100000000000000000003 /* ModManagerViewModel.swift */,
				F00100000000000000000011 /* ModManagerPreferences.swift */,
				F0010000000000000000000F /* ModManagerState.swift */,
				F00100000000000000000010 /* ModManagerService.swift */,
				F00100000000000000000004 /* SettingsView.swift */,
				F00100000000000000000005 /* SecurityScopedFolderAccess.swift */,
				G00100000000000000000002 /* Core */,
				G00100000000000000000004 /* Views */,
				G00100000000000000000003 /* Resources */,
				F00100000000000000000012 /* Info.plist */,
				F00100000000000000000013 /* Sandbox.entitlements */,
			);
			path = SeedBox;
			sourceTree = "<group>";
		};
		G00100000000000000000002 /* Core */ = {
			isa = PBXGroup;
			children = (
				F00100000000000000000007 /* FileManager+Directories.swift */,
				F00100000000000000000006 /* ModLibrary.swift */,
				F0010000000000000000000B /* ModInfo.swift */,
				F0010000000000000000000A /* ModManifest.swift */,
				F0010000000000000000000C /* ModSearchQuery.swift */,
				F0010000000000000000000D /* ModSet.swift */,
				F0010000000000000000000E /* ModSetStore.swift */,
				F00100000000000000000009 /* StardewInstall.swift */,
				F00100000000000000000008 /* String+SeedBox.swift */,
			);
			path = Core;
			sourceTree = "<group>";
		};
		G00100000000000000000003 /* Resources */ = {
			isa = PBXGroup;
			children = (
			);
			path = Resources;
			sourceTree = "<group>";
		};
		G00100000000000000000004 /* Views */ = {
			isa = PBXGroup;
			children = (
				F00100000000000000000019 /* EmptyModList.swift */,
				F00100000000000000000016 /* ModList.swift */,
				F00100000000000000000015 /* ModManagerToolbar.swift */,
				F00100000000000000000018 /* ModNameCell.swift */,
				F00100000000000000000014 /* ModSetNameSheet.swift */,
				F00100000000000000000017 /* ModTableRow.swift */,
				F0010000000000000000001B /* NativePathControl.swift */,
				F0010000000000000000001A /* SetupEmptyState.swift */,
			);
			path = Views;
			sourceTree = "<group>";
		};
		G00200000000000000000001 /* SeedBoxTests */ = {
			isa = PBXGroup;
			children = (
				F00200000000000000000003 /* ModLibraryTests.swift */,
				F00200000000000000000005 /* ModManagerViewModelTests.swift */,
				F00200000000000000000006 /* ModSearchQueryTests.swift */,
				F00200000000000000000004 /* ModSetStoreTests.swift */,
				F00200000000000000000002 /* SeedBoxTestCase.swift */,
				F00200000000000000000001 /* StardewInstallTests.swift */,
			);
			path = SeedBoxTests;
			sourceTree = "<group>";
		};
		G00300000000000000000001 /* Products */ = {
			isa = PBXGroup;
			children = (
				F00300000000000000000001 /* Seed Box.app */,
				F00300000000000000000002 /* SeedBoxTests.xctest */,
			);
			name = Products;
			sourceTree = "<group>";
		};
/* End PBXGroup section */

/* Begin PBXNativeTarget section */
		T00100000000000000000001 /* Seed Box */ = {
			isa = PBXNativeTarget;
			buildConfigurationList = C00100000000000000000003 /* Build configuration list for PBXNativeTarget "Seed Box" */;
			buildPhases = (
				P00100000000000000000001 /* Sources */,
				P00100000000000000000002 /* Resources */,
				P00100000000000000000003 /* Frameworks */,
			);
			buildRules = (
			);
			name = "Seed Box";
			productReference = F00300000000000000000001 /* Seed Box.app */;
			productName = "Seed Box";
			productType = "com.apple.product-type.application";
		};
		T00200000000000000000001 /* SeedBoxTests */ = {
			isa = PBXNativeTarget;
			buildConfigurationList = C00200000000000000000003 /* Build configuration list for PBXNativeTarget "SeedBoxTests" */;
			buildPhases = (
				P00200000000000000000001 /* Sources */,
				P00200000000000000000002 /* Resources */,
				P00200000000000000000003 /* Frameworks */,
			);
			buildRules = (
			);
			dependencies = (
				D00200000000000000000002 /* PBXTargetDependency */,
			);
			name = SeedBoxTests;
			productName = SeedBoxTests;
			productReference = F00300000000000000000002 /* SeedBoxTests.xctest */;
			productType = "com.apple.product-type.bundle.unit-test";
		};
/* End PBXNativeTarget section */

/* Begin PBXProject section */
		PRJ000000000000000000001 /* Project object */ = {
			isa = PBXProject;
			attributes = {
				BuildIndependentTargetsInParallel = 1;
				LastSwiftUpdateCheck = 2600;
				LastUpgradeCheck = 2650;
				TargetAttributes = {
					T00100000000000000000001 = {
						CreatedOnToolsVersion = 26.5;
					};
					T00200000000000000000001 = {
						CreatedOnToolsVersion = 26.5;
					};
				};
			};
			buildConfigurationList = C00000000000000000000003 /* Build configuration list for PBXProject "SeedBox" */;
			developmentRegion = en;
			hasScannedForEncodings = 0;
			knownRegions = (
				en,
				Base,
			);
			mainGroup = G00000000000000000000001;
			packageReferences = (
			);
			preferredProjectObjectVersion = 100;
			productRefGroup = G00300000000000000000001 /* Products */;
			projectDirPath = "";
			projectRoot = "";
			targets = (
				T00100000000000000000001 /* Seed Box */,
				T00200000000000000000001 /* SeedBoxTests */,
			);
		};
/* End PBXProject section */

/* Begin PBXResourcesBuildPhase section */
		P00100000000000000000002 /* Resources */ = {
			isa = PBXResourcesBuildPhase;
			files = (
			);
		};
		P00200000000000000000002 /* Resources */ = {
			isa = PBXResourcesBuildPhase;
			files = (
			);
		};
/* End PBXResourcesBuildPhase section */

/* Begin PBXSourcesBuildPhase section */
		P00100000000000000000001 /* Sources */ = {
			isa = PBXSourcesBuildPhase;
			files = (
				B00100000000000000000001 /* SeedBoxApp.swift in Sources */,
				B00100000000000000000002 /* ModManagerView.swift in Sources */,
				B00100000000000000000003 /* ModManagerViewModel.swift in Sources */,
				B00100000000000000000011 /* ModManagerPreferences.swift in Sources */,
				B0010000000000000000000F /* ModManagerState.swift in Sources */,
				B00100000000000000000010 /* ModManagerService.swift in Sources */,
				B00100000000000000000004 /* SettingsView.swift in Sources */,
				B00100000000000000000005 /* SecurityScopedFolderAccess.swift in Sources */,
				B00100000000000000000007 /* FileManager+Directories.swift in Sources */,
				B00100000000000000000006 /* ModLibrary.swift in Sources */,
				B0010000000000000000000B /* ModInfo.swift in Sources */,
				B0010000000000000000000A /* ModManifest.swift in Sources */,
				B0010000000000000000000C /* ModSearchQuery.swift in Sources */,
				B0010000000000000000000D /* ModSet.swift in Sources */,
				B0010000000000000000000E /* ModSetStore.swift in Sources */,
				B00100000000000000000009 /* StardewInstall.swift in Sources */,
				B00100000000000000000008 /* String+SeedBox.swift in Sources */,
				B00100000000000000000019 /* EmptyModList.swift in Sources */,
				B00100000000000000000016 /* ModList.swift in Sources */,
				B00100000000000000000015 /* ModManagerToolbar.swift in Sources */,
				B00100000000000000000018 /* ModNameCell.swift in Sources */,
				B00100000000000000000014 /* ModSetNameSheet.swift in Sources */,
				B00100000000000000000017 /* ModTableRow.swift in Sources */,
				B0010000000000000000001B /* NativePathControl.swift in Sources */,
				B0010000000000000000001A /* SetupEmptyState.swift in Sources */,
			);
		};
		P00200000000000000000001 /* Sources */ = {
			isa = PBXSourcesBuildPhase;
			files = (
				B00200000000000000000004 /* ModLibraryTests.swift in Sources */,
				B00200000000000000000012 /* ModManagerViewModelTests.swift in Sources */,
				B00200000000000000000013 /* ModSearchQueryTests.swift in Sources */,
				B00200000000000000000011 /* ModSetStoreTests.swift in Sources */,
				B00200000000000000000002 /* SeedBoxTestCase.swift in Sources */,
				B00200000000000000000001 /* StardewInstallTests.swift in Sources */,
			);
		};
/* End PBXSourcesBuildPhase section */

/* Begin PBXTargetDependency section */
		D00200000000000000000002 /* PBXTargetDependency */ = {
			isa = PBXTargetDependency;
			target = T00100000000000000000001 /* Seed Box */;
			targetProxy = D00200000000000000000001 /* PBXContainerItemProxy */;
		};
/* End PBXTargetDependency section */

/* Begin XCBuildConfiguration section */
		C00000000000000000000001 /* Debug configuration for PBXProject "SeedBox" */ = {
			isa = XCBuildConfiguration;
			buildSettings = {
				ALWAYS_SEARCH_USER_PATHS = NO;
				ASSETCATALOG_COMPILER_GENERATE_SWIFT_ASSET_SYMBOL_EXTENSIONS = YES;
				CLANG_ENABLE_MODULES = YES;
				CLANG_ENABLE_OBJC_ARC = YES;
				CLANG_WARN_BLOCK_CAPTURE_AUTORELEASING = YES;
				CLANG_WARN_BOOL_CONVERSION = YES;
				CLANG_WARN_COMMA = YES;
				CLANG_WARN_CONSTANT_CONVERSION = YES;
				CLANG_WARN_DEPRECATED_OBJC_IMPLEMENTATIONS = YES;
				CLANG_WARN_EMPTY_BODY = YES;
				CLANG_WARN_ENUM_CONVERSION = YES;
				CLANG_WARN_INFINITE_RECURSION = YES;
				CLANG_WARN_INT_CONVERSION = YES;
				CLANG_WARN_NON_LITERAL_NULL_CONVERSION = YES;
				CLANG_WARN_OBJC_IMPLICIT_RETAIN_SELF = YES;
				CLANG_WARN_OBJC_LITERAL_CONVERSION = YES;
				CLANG_WARN_QUOTED_INCLUDE_IN_FRAMEWORK_HEADER = YES;
				CLANG_WARN_RANGE_LOOP_ANALYSIS = YES;
				CLANG_WARN_STRICT_PROTOTYPES = YES;
				CLANG_WARN_SUSPICIOUS_MOVE = YES;
				CLANG_WARN_UNREACHABLE_CODE = YES;
				CLANG_WARN__DUPLICATE_METHOD_MATCH = YES;
				COPY_PHASE_STRIP = NO;
				DEAD_CODE_STRIPPING = YES;
				DEBUG_INFORMATION_FORMAT = dwarf;
				ENABLE_STRICT_OBJC_MSGSEND = YES;
				ENABLE_TESTABILITY = YES;
				ENABLE_USER_SCRIPT_SANDBOXING = YES;
				GCC_C_LANGUAGE_STANDARD = gnu17;
				GCC_DYNAMIC_NO_PIC = NO;
				GCC_NO_COMMON_BLOCKS = YES;
				GCC_OPTIMIZATION_LEVEL = 0;
				GCC_PREPROCESSOR_DEFINITIONS = (
					"DEBUG=1",
					"$(inherited)",
				);
				GCC_WARN_64_TO_32_BIT_CONVERSION = YES;
				GCC_WARN_ABOUT_RETURN_TYPE = YES;
				GCC_WARN_UNDECLARED_SELECTOR = YES;
				GCC_WARN_UNINITIALIZED_AUTOS = YES;
				GCC_WARN_UNUSED_FUNCTION = YES;
				GCC_WARN_UNUSED_VARIABLE = YES;
				MACOSX_DEPLOYMENT_TARGET = 15.6;
				MTL_ENABLE_DEBUG_INFO = INCLUDE_SOURCE;
				ONLY_ACTIVE_ARCH = YES;
				SDKROOT = macosx;
				STRING_CATALOG_GENERATE_SYMBOLS = YES;
				SWIFT_ACTIVE_COMPILATION_CONDITIONS = DEBUG;
				SWIFT_OPTIMIZATION_LEVEL = "-Onone";
				SWIFT_VERSION = 6.0;
			};
			name = Debug;
		};
		C00000000000000000000002 /* Release configuration for PBXProject "SeedBox" */ = {
			isa = XCBuildConfiguration;
			buildSettings = {
				ALWAYS_SEARCH_USER_PATHS = NO;
				ASSETCATALOG_COMPILER_GENERATE_SWIFT_ASSET_SYMBOL_EXTENSIONS = YES;
				CLANG_ENABLE_MODULES = YES;
				CLANG_ENABLE_OBJC_ARC = YES;
				CLANG_WARN_BLOCK_CAPTURE_AUTORELEASING = YES;
				CLANG_WARN_BOOL_CONVERSION = YES;
				CLANG_WARN_COMMA = YES;
				CLANG_WARN_CONSTANT_CONVERSION = YES;
				CLANG_WARN_DEPRECATED_OBJC_IMPLEMENTATIONS = YES;
				CLANG_WARN_EMPTY_BODY = YES;
				CLANG_WARN_ENUM_CONVERSION = YES;
				CLANG_WARN_INFINITE_RECURSION = YES;
				CLANG_WARN_INT_CONVERSION = YES;
				CLANG_WARN_NON_LITERAL_NULL_CONVERSION = YES;
				CLANG_WARN_OBJC_IMPLICIT_RETAIN_SELF = YES;
				CLANG_WARN_OBJC_LITERAL_CONVERSION = YES;
				CLANG_WARN_QUOTED_INCLUDE_IN_FRAMEWORK_HEADER = YES;
				CLANG_WARN_RANGE_LOOP_ANALYSIS = YES;
				CLANG_WARN_STRICT_PROTOTYPES = YES;
				CLANG_WARN_SUSPICIOUS_MOVE = YES;
				CLANG_WARN_UNREACHABLE_CODE = YES;
				CLANG_WARN__DUPLICATE_METHOD_MATCH = YES;
				COPY_PHASE_STRIP = NO;
				DEAD_CODE_STRIPPING = YES;
				DEBUG_INFORMATION_FORMAT = "dwarf-with-dsym";
				ENABLE_NS_ASSERTIONS = NO;
				ENABLE_STRICT_OBJC_MSGSEND = YES;
				ENABLE_USER_SCRIPT_SANDBOXING = YES;
				GCC_C_LANGUAGE_STANDARD = gnu17;
				GCC_NO_COMMON_BLOCKS = YES;
				GCC_WARN_64_TO_32_BIT_CONVERSION = YES;
				GCC_WARN_ABOUT_RETURN_TYPE = YES;
				GCC_WARN_UNDECLARED_SELECTOR = YES;
				GCC_WARN_UNINITIALIZED_AUTOS = YES;
				GCC_WARN_UNUSED_FUNCTION = YES;
				GCC_WARN_UNUSED_VARIABLE = YES;
				MACOSX_DEPLOYMENT_TARGET = 15.6;
				MTL_ENABLE_DEBUG_INFO = NO;
				SDKROOT = macosx;
				STRING_CATALOG_GENERATE_SYMBOLS = YES;
				SWIFT_COMPILATION_MODE = wholemodule;
				SWIFT_OPTIMIZATION_LEVEL = "-O";
				SWIFT_VERSION = 6.0;
				VALIDATE_PRODUCT = YES;
			};
			name = Release;
		};
		C00100000000000000000001 /* Debug configuration for PBXNativeTarget "Seed Box" */ = {
			isa = XCBuildConfiguration;
			buildSettings = {
				CODE_SIGN_ENTITLEMENTS = SeedBox/Sandbox.entitlements;
				CODE_SIGN_IDENTITY = "-";
				CODE_SIGN_STYLE = Manual;
				CURRENT_PROJECT_VERSION = 1;
				DEAD_CODE_STRIPPING = YES;
				DEVELOPMENT_TEAM = "";
				ENABLE_APP_SANDBOX = YES;
				ENABLE_HARDENED_RUNTIME = YES;
				ENABLE_INCOMING_NETWORK_CONNECTIONS = NO;
				ENABLE_OUTGOING_NETWORK_CONNECTIONS = NO;
				ENABLE_RESOURCE_ACCESS_AUDIO_INPUT = NO;
				ENABLE_RESOURCE_ACCESS_BLUETOOTH = NO;
				ENABLE_RESOURCE_ACCESS_CALENDARS = NO;
				ENABLE_RESOURCE_ACCESS_CAMERA = NO;
				ENABLE_RESOURCE_ACCESS_CONTACTS = NO;
				ENABLE_RESOURCE_ACCESS_LOCATION = NO;
				ENABLE_RESOURCE_ACCESS_PRINTING = NO;
				ENABLE_RESOURCE_ACCESS_USB = NO;
				EXECUTABLE_NAME = SeedBox;
				GENERATE_INFOPLIST_FILE = NO;
				INFOPLIST_FILE = SeedBox/Info.plist;
				LD_RUNPATH_SEARCH_PATHS = (
					"$(inherited)",
					"@executable_path/../Frameworks",
				);
				MARKETING_VERSION = 0.1.0;
				PRODUCT_BUNDLE_IDENTIFIER = com.fahlsing.SeedBox;
				PRODUCT_NAME = "Seed Box";
				SWIFT_MODULE_NAME = SeedBox;
			};
			name = Debug;
		};
		C00100000000000000000002 /* Release configuration for PBXNativeTarget "Seed Box" */ = {
			isa = XCBuildConfiguration;
			buildSettings = {
				CODE_SIGN_ENTITLEMENTS = SeedBox/Sandbox.entitlements;
				CODE_SIGN_IDENTITY = "-";
				CODE_SIGN_INJECT_BASE_ENTITLEMENTS = NO;
				CODE_SIGN_STYLE = Manual;
				CURRENT_PROJECT_VERSION = 1;
				DEAD_CODE_STRIPPING = YES;
				DEVELOPMENT_TEAM = "";
				ENABLE_APP_SANDBOX = YES;
				ENABLE_HARDENED_RUNTIME = YES;
				ENABLE_INCOMING_NETWORK_CONNECTIONS = NO;
				ENABLE_OUTGOING_NETWORK_CONNECTIONS = NO;
				ENABLE_RESOURCE_ACCESS_AUDIO_INPUT = NO;
				ENABLE_RESOURCE_ACCESS_BLUETOOTH = NO;
				ENABLE_RESOURCE_ACCESS_CALENDARS = NO;
				ENABLE_RESOURCE_ACCESS_CAMERA = NO;
				ENABLE_RESOURCE_ACCESS_CONTACTS = NO;
				ENABLE_RESOURCE_ACCESS_LOCATION = NO;
				ENABLE_RESOURCE_ACCESS_PRINTING = NO;
				ENABLE_RESOURCE_ACCESS_USB = NO;
				EXECUTABLE_NAME = SeedBox;
				GENERATE_INFOPLIST_FILE = NO;
				INFOPLIST_FILE = SeedBox/Info.plist;
				LD_RUNPATH_SEARCH_PATHS = (
					"$(inherited)",
					"@executable_path/../Frameworks",
				);
				MARKETING_VERSION = 0.1.0;
				PRODUCT_BUNDLE_IDENTIFIER = com.fahlsing.SeedBox;
				PRODUCT_NAME = "Seed Box";
				SWIFT_MODULE_NAME = SeedBox;
			};
			name = Release;
		};
		C00200000000000000000001 /* Debug configuration for PBXNativeTarget "SeedBoxTests" */ = {
			isa = XCBuildConfiguration;
			buildSettings = {
				BUNDLE_LOADER = "$(TEST_HOST)";
				CODE_SIGN_STYLE = Automatic;
				CURRENT_PROJECT_VERSION = 1;
				DEAD_CODE_STRIPPING = YES;
				GENERATE_INFOPLIST_FILE = YES;
				MARKETING_VERSION = 0.1.0;
				PRODUCT_BUNDLE_IDENTIFIER = com.fahlsing.SeedBoxTests;
				PRODUCT_NAME = SeedBoxTests;
				TEST_HOST = "$(BUILT_PRODUCTS_DIR)/Seed Box.app/Contents/MacOS/SeedBox";
			};
			name = Debug;
		};
		C00200000000000000000002 /* Release configuration for PBXNativeTarget "SeedBoxTests" */ = {
			isa = XCBuildConfiguration;
			buildSettings = {
				BUNDLE_LOADER = "$(TEST_HOST)";
				CODE_SIGN_STYLE = Automatic;
				CURRENT_PROJECT_VERSION = 1;
				DEAD_CODE_STRIPPING = YES;
				GENERATE_INFOPLIST_FILE = YES;
				MARKETING_VERSION = 0.1.0;
				PRODUCT_BUNDLE_IDENTIFIER = com.fahlsing.SeedBoxTests;
				PRODUCT_NAME = SeedBoxTests;
				TEST_HOST = "$(BUILT_PRODUCTS_DIR)/Seed Box.app/Contents/MacOS/SeedBox";
			};
			name = Release;
		};
/* End XCBuildConfiguration section */

/* Begin XCConfigurationList section */
		C00000000000000000000003 /* Build configuration list for PBXProject "SeedBox" */ = {
			isa = XCConfigurationList;
			buildConfigurations = (
				C00000000000000000000001 /* Debug configuration for PBXProject "SeedBox" */,
				C00000000000000000000002 /* Release configuration for PBXProject "SeedBox" */,
			);
			defaultConfigurationName = Release;
		};
		C00100000000000000000003 /* Build configuration list for PBXNativeTarget "Seed Box" */ = {
			isa = XCConfigurationList;
			buildConfigurations = (
				C00100000000000000000001 /* Debug configuration for PBXNativeTarget "Seed Box" */,
				C00100000000000000000002 /* Release configuration for PBXNativeTarget "Seed Box" */,
			);
			defaultConfigurationName = Release;
		};
		C00200000000000000000003 /* Build configuration list for PBXNativeTarget "SeedBoxTests" */ = {
			isa = XCConfigurationList;
			buildConfigurations = (
				C00200000000000000000001 /* Debug configuration for PBXNativeTarget "SeedBoxTests" */,
				C00200000000000000000002 /* Release configuration for PBXNativeTarget "SeedBoxTests" */,
			);
			defaultConfigurationName = Release;
		};
/* End XCConfigurationList section */
	};
	rootObject = PRJ000000000000000000001 /* Project object */;
}
